// !$*UTF8*$!
{
	archiveVersion = 1;
	classes = {
	};
	objectVersion = 46;
	objects = {

/* Begin PBXBuildFile section */
		8AB49E5F1E0A37AA00470B25 /* AppDelegate.swift in Sources */ = {isa = PBXBuildFile; fileRef = 8AB49E5E1E0A37AA00470B25 /* AppDelegate.swift */; };
		8AB49E611E0A37AA00470B25 /* ViewController.swift in Sources */ = {isa = PBXBuildFile; fileRef = 8AB49E601E0A37AA00470B25 /* ViewController.swift */; };
		8AB49E641E0A37AA00470B25 /* Main.storyboard in Resources */ = {isa = PBXBuildFile; fileRef = 8AB49E621E0A37AA00470B25 /* Main.storyboard */; };
		8AB49E661E0A37AA00470B25 /* Assets.xcassets in Resources */ = {isa = PBXBuildFile; fileRef = 8AB49E651E0A37AA00470B25 /* Assets.xcassets */; };
		8AB49E691E0A37AA00470B25 /* LaunchScreen.storyboard in Resources */ = {isa = PBXBuildFile; fileRef = 8AB49E671E0A37AA00470B25 /* LaunchScreen.storyboard */; };
		8AB49E741E0A37AA00470B25 /* KNNTests.swift in Sources */ = {isa = PBXBuildFile; fileRef = 8AB49E731E0A37AA00470B25 /* KNNTests.swift */; };
		8AB49E7F1E0A37AB00470B25 /* KNNUITests.swift in Sources */ = {isa = PBXBuildFile; fileRef = 8AB49E7E1E0A37AB00470B25 /* KNNUITests.swift */; };
		8AB49E8E1E0A383600470B25 /* iris.txt in Resources */ = {isa = PBXBuildFile; fileRef = 8AB49E8D1E0A383600470B25 /* iris.txt */; };
		8AB49E901E0B0C6700470B25 /* Flower.swift in Sources */ = {isa = PBXBuildFile; fileRef = 8AB49E8F1E0B0C6700470B25 /* Flower.swift */; };
/* End PBXBuildFile section */

/* Begin PBXContainerItemProxy section */
		8AB49E701E0A37AA00470B25 /* PBXContainerItemProxy */ = {
			isa = PBXContainerItemProxy;
			containerPortal = 8AB49E531E0A37AA00470B25 /* Project object */;
			proxyType = 1;
			remoteGlobalIDString = 8AB49E5A1E0A37AA00470B25;
			remoteInfo = KNN;
		};
		8AB49E7B1E0A37AB00470B25 /* PBXContainerItemProxy */ = {
			isa = PBXContainerItemProxy;
			containerPortal = 8AB49E531E0A37AA00470B25 /* Project object */;
			proxyType = 1;
			remoteGlobalIDString = 8AB49E5A1E0A37AA00470B25;
			remoteInfo = KNN;
		};
/* End PBXContainerItemProxy section */

/* Begin PBXFileReference section */
		8AB49E5B1E0A37AA00470B25 /* KNN.app */ = {isa = PBXFileReference; explicitFileType = wrapper.application; includeInIndex = 0; path = KNN.app; sourceTree = BUILT_PRODUCTS_DIR; };
		8AB49E5E1E0A37AA00470B25 /* AppDelegate.swift */ = {isa = PBXFileReference; lastKnownFileType = sourcecode.swift; path = AppDelegate.swift; sourceTree = "<group>"; };
		8AB49E601E0A37AA00470B25 /* ViewController.swift */ = {isa = PBXFileReference; lastKnownFileType = sourcecode.swift; path = ViewController.swift; sourceTree = "<group>"; };
		8AB49E631E0A37AA00470B25 /* Base */ = {isa = PBXFileReference; lastKnownFileType = file.storyboard; name = Base; path = Base.lproj/Main.storyboard; sourceTree = "<group>"; };
		8AB49E651E0A37AA00470B25 /* Assets.xcassets */ = {isa = PBXFileReference; lastKnownFileType = folder.assetcatalog; path = Assets.xcassets; sourceTree = "<group>"; };
		8AB49E681E0A37AA00470B25 /* Base */ = {isa = PBXFileReference; lastKnownFileType = file.storyboard; name = Base; path = Base.lproj/LaunchScreen.storyboard; sourceTree = "<group>"; };
		8AB49E6A1E0A37AA00470B25 /* Info.plist */ = {isa = PBXFileReference; lastKnownFileType = text.plist.xml; path = Info.plist; sourceTree = "<group>"; };
		8AB49E6F1E0A37AA00470B25 /* KNNTests.xctest */ = {isa = PBXFileReference; explicitFileType = wrapper.cfbundle; includeInIndex = 0; path = KNNTests.xctest; sourceTree = BUILT_PRODUCTS_DIR; };
		8AB49E731E0A37AA00470B25 /* KNNTests.swift */ = {isa = PBXFileReference; lastKnownFileType = sourcecode.swift; path = KNNTests.swift; sourceTree = "<group>"; };
		8AB49E751E0A37AA00470B25 /* Info.plist */ = {isa = PBXFileReference; lastKnownFileType = text.plist.xml; path = Info.plist; sourceTree = "<group>"; };
		8AB49E7A1E0A37AB00470B25 /* KNNUITests.xctest */ = {isa = PBXFileReference; explicitFileType = wrapper.cfbundle; includeInIndex = 0; path = KNNUITests.xctest; sourceTree = BUILT_PRODUCTS_DIR; };
		8AB49E7E1E0A37AB00470B25 /* KNNUITests.swift */ = {isa = PBXFileReference; lastKnownFileType = sourcecode.swift; path = KNNUITests.swift; sourceTree = "<group>"; };
		8AB49E801E0A37AB00470B25 /* Info.plist */ = {isa = PBXFileReference; lastKnownFileType = text.plist.xml; path = Info.plist; sourceTree = "<group>"; };
		8AB49E8D1E0A383600470B25 /* iris.txt */ = {isa = PBXFileReference; fileEncoding = 4; lastKnownFileType = text; path = iris.txt; sourceTree = "<group>"; };
		8AB49E8F1E0B0C6700470B25 /* Flower.swift */ = {isa = PBXFileReference; fileEncoding = 4; lastKnownFileType = sourcecode.swift; path = Flower.swift; sourceTree = "<group>"; };
/* End PBXFileReference section */

/* Begin PBXFrameworksBuildPhase section */
		8AB49E581E0A37AA00470B25 /* Frameworks */ = {
			isa = PBXFrameworksBuildPhase;
			buildActionMask = 2147483647;
			files = (
			);
			runOnlyForDeploymentPostprocessing = 0;
		};
		8AB49E6C1E0A37AA00470B25 /* Frameworks */ = {
			isa = PBXFrameworksBuildPhase;
			buildActionMask = 2147483647;
			files = (
			);
			runOnlyForDeploymentPostprocessing = 0;
		};
		8AB49E771E0A37AA00470B25 /* Frameworks */ = {
			isa = PBXFrameworksBuildPhase;
			buildActionMask = 2147483647;
			files = (
			);
			runOnlyForDeploymentPostprocessing = 0;
		};
/* End PBXFrameworksBuildPhase section */

/* Begin PBXGroup section */
		8AB49E521E0A37AA00470B25 = {
			isa = PBXGroup;
			children = (
				8AB49E5D1E0A37AA00470B25 /* KNN */,
				8AB49E721E0A37AA00470B25 /* KNNTests */,
				8AB49E7D1E0A37AB00470B25 /* KNNUITests */,
				8AB49E5C1E0A37AA00470B25 /* Products */,
			);
			sourceTree = "<group>";
		};
		8AB49E5C1E0A37AA00470B25 /* Products */ = {
			isa = PBXGroup;
			children = (
				8AB49E5B1E0A37AA00470B25 /* KNN.app */,
				8AB49E6F1E0A37AA00470B25 /* KNNTests.xctest */,
				8AB49E7A1E0A37AB00470B25 /* KNNUITests.xctest */,
			);
			name = Products;
			sourceTree = "<group>";
		};
		8AB49E5D1E0A37AA00470B25 /* KNN */ = {
			isa = PBXGroup;
			children = (
				8AB49E8C1E0A381900470B25 /* Archivestxt */,
				8AB49E5E1E0A37AA00470B25 /* AppDelegate.swift */,
				8AB49E601E0A37AA00470B25 /* ViewController.swift */,
				8AB49E8F1E0B0C6700470B25 /* Flower.swift */,
				8AB49E621E0A37AA00470B25 /* Main.storyboard */,
				8AB49E651E0A37AA00470B25 /* Assets.xcassets */,
				8AB49E671E0A37AA00470B25 /* LaunchScreen.storyboard */,
				8AB49E6A1E0A37AA00470B25 /* Info.plist */,
			);
			path = KNN;
			sourceTree = "<group>";
		};
		8AB49E721E0A37AA00470B25 /* KNNTests */ = {
			isa = PBXGroup;
			children = (
				8AB49E731E0A37AA00470B25 /* KNNTests.swift */,
				8AB49E751E0A37AA00470B25 /* Info.plist */,
			);
			path = KNNTests;
			sourceTree = "<group>";
		};
		8AB49E7D1E0A37AB00470B25 /* KNNUITests */ = {
			isa = PBXGroup;
			children = (
				8AB49E7E1E0A37AB00470B25 /* KNNUITests.swift */,
				8AB49E801E0A37AB00470B25 /* Info.plist */,
			);
			path = KNNUITests;
			sourceTree = "<group>";
		};
		8AB49E8C1E0A381900470B25 /* Archivestxt */ = {
			isa = PBXGroup;
			children = (
				8AB49E8D1E0A383600470B25 /* iris.txt */,
			);
			name = Archivestxt;
			sourceTree = "<group>";
		};
/* End PBXGroup section */

/* Begin PBXNativeTarget section */
		8AB49E5A1E0A37AA00470B25 /* KNN */ = {
			isa = PBXNativeTarget;
			buildConfigurationList = 8AB49E831E0A37AB00470B25 /* Build configuration list for PBXNativeTarget "KNN" */;
			buildPhases = (
				8AB49E571E0A37AA00470B25 /* Sources */,
				8AB49E581E0A37AA00470B25 /* Frameworks */,
				8AB49E591E0A37AA00470B25 /* Resources */,
			);
			buildRules = (
			);
			dependencies = (
			);
			name = KNN;
			productName = KNN;
			productReference = 8AB49E5B1E0A37AA00470B25 /* KNN.app */;
			productType = "com.apple.product-type.application";
		};
		8AB49E6E1E0A37AA00470B25 /* KNNTests */ = {
			isa = PBXNativeTarget;
			buildConfigurationList = 8AB49E861E0A37AB00470B25 /* Build configuration list for PBXNativeTarget "KNNTests" */;
			buildPhases = (
				8AB49E6B1E0A37AA00470B25 /* Sources */,
				8AB49E6C1E0A37AA00470B25 /* Frameworks */,
				8AB49E6D1E0A37AA00470B25 /* Resources */,
			);
			buildRules = (
			);
			dependencies = (
				8AB49E711E0A37AA00470B25 /* PBXTargetDependency */,
			);
			name = KNNTests;
			productName = KNNTests;
			productReference = 8AB49E6F1E0A37AA00470B25 /* KNNTests.xctest */;
			productType = "com.apple.product-type.bundle.unit-test";
		};
		8AB49E791E0A37AA00470B25 /* KNNUITests */ = {
			isa = PBXNativeTarget;
			buildConfigurationList = 8AB49E891E0A37AB00470B25 /* Build configuration list for PBXNativeTarget "KNNUITests" */;
			buildPhases = (
				8AB49E761E0A37AA00470B25 /* Sources */,
				8AB49E771E0A37AA00470B25 /* Frameworks */,
				8AB49E781E0A37AA00470B25 /* Resources */,
			);
			buildRules = (
			);
			dependencies = (
				8AB49E7C1E0A37AB00470B25 /* PBXTargetDependency */,
			);
			name = KNNUITests;
			productName = KNNUITests;
			productReference = 8AB49E7A1E0A37AB00470B25 /* KNNUITests.xctest */;
			productType = "com.apple.product-type.bundle.ui-testing";
		};
/* End PBXNativeTarget section */

/* Begin PBXProject section */
		8AB49E531E0A37AA00470B25 /* Project object */ = {
			isa = PBXProject;
			attributes = {
				LastSwiftUpdateCheck = 0820;
				LastUpgradeCheck = 0820;
				ORGANIZATIONNAME = GAMEPiD;
				TargetAttributes = {
					8AB49E5A1E0A37AA00470B25 = {
						CreatedOnToolsVersion = 8.2;
						DevelopmentTeam = N8JBYBWDT9;
						ProvisioningStyle = Automatic;
					};
					8AB49E6E1E0A37AA00470B25 = {
						CreatedOnToolsVersion = 8.2;
						DevelopmentTeam = N8JBYBWDT9;
						ProvisioningStyle = Automatic;
						TestTargetID = 8AB49E5A1E0A37AA00470B25;
					};
					8AB49E791E0A37AA00470B25 = {
						CreatedOnToolsVersion = 8.2;
						DevelopmentTeam = N8JBYBWDT9;
						ProvisioningStyle = Automatic;
						TestTargetID = 8AB49E5A1E0A37AA00470B25;
					};
				};
			};
			buildConfigurationList = 8AB49E561E0A37AA00470B25 /* Build configuration list for PBXProject "KNN" */;
			compatibilityVersion = "Xcode 3.2";
			developmentRegion = English;
			hasScannedForEncodings = 0;
			knownRegions = (
				en,
				Base,
			);
			mainGroup = 8AB49E521E0A37AA00470B25;
			productRefGroup = 8AB49E5C1E0A37AA00470B25 /* Products */;
			projectDirPath = "";
			projectRoot = "";
			targets = (
				8AB49E5A1E0A37AA00470B25 /* KNN */,
				8AB49E6E1E0A37AA00470B25 /* KNNTests */,
				8AB49E791E0A37AA00470B25 /* KNNUITests */,
			);
		};
/* End PBXProject section */

/* Begin PBXResourcesBuildPhase section */
		8AB49E591E0A37AA00470B25 /* Resources */ = {
			isa = PBXResourcesBuildPhase;
			buildActionMask = 2147483647;
			files = (
				8AB49E691E0A37AA00470B25 /* LaunchScreen.storyboard in Resources */,
				8AB49E661E0A37AA00470B25 /* Assets.xcassets in Resources */,
				8AB49E8E1E0A383600470B25 /* iris.txt in Resources */,
				8AB49E641E0A37AA00470B25 /* Main.storyboard in Resources */,
			);
			runOnlyForDeploymentPostprocessing = 0;
		};
		8AB49E6D1E0A37AA00470B25 /* Resources */ = {
			isa = PBXResourcesBuildPhase;
			buildActionMask = 2147483647;
			files = (
			);
			runOnlyForDeploymentPostprocessing = 0;
		};
		8AB49E781E0A37AA00470B25 /* Resources */ = {
			isa = PBXResourcesBuildPhase;
			buildActionMask = 2147483647;
			files = (
			);
			runOnlyForDeploymentPostprocessing = 0;
		};
/* End PBXResourcesBuildPhase section */

/* Begin PBXSourcesBuildPhase section */
		8AB49E571E0A37AA00470B25 /* Sources */ = {
			isa = PBXSourcesBuildPhase;
			buildActionMask = 2147483647;
			files = (
				8AB49E611E0A37AA00470B25 /* ViewController.swift in Sources */,
				8AB49E5F1E0A37AA00470B25 /* AppDelegate.swift in Sources */,
				8AB49E901E0B0C6700470B25 /* Flower.swift in Sources */,
			);
			runOnlyForDeploymentPostprocessing = 0;
		};
		8AB49E6B1E0A37AA00470B25 /* Sources */ = {
			isa = PBXSourcesBuildPhase;
			buildActionMask = 2147483647;
			files = (
				8AB49E741E0A37AA00470B25 /* KNNTests.swift in Sources */,
			);
			runOnlyForDeploymentPostprocessing = 0;
		};
		8AB49E761E0A37AA00470B25 /* Sources */ = {
			isa = PBXSourcesBuildPhase;
			buildActionMask = 2147483647;
			files = (
				8AB49E7F1E0A37AB00470B25 /* KNNUITests.swift in Sources */,
			);
			runOnlyForDeploymentPostprocessing = 0;
		};
/* End PBXSourcesBuildPhase section */

/* Begin PBXTargetDependency section */
		8AB49E711E0A37AA00470B25 /* PBXTargetDependency */ = {
			isa = PBXTargetDependency;
			target = 8AB49E5A1E0A37AA00470B25 /* KNN */;
			targetProxy = 8AB49E701E0A37AA00470B25 /* PBXContainerItemProxy */;
		};
		8AB49E7C1E0A37AB00470B25 /* PBXTargetDependency */ = {
			isa = PBXTargetDependency;
			target = 8AB49E5A1E0A37AA00470B25 /* KNN */;
			targetProxy = 8AB49E7B1E0A37AB00470B25 /* PBXContainerItemProxy */;
		};
/* End PBXTargetDependency section */

/* Begin PBXVariantGroup section */
		8AB49E621E0A37AA00470B25 /* Main.storyboard */ = {
			isa = PBXVariantGroup;
			children = (
				8AB49E631E0A37AA00470B25 /* Base */,
			);
			name = Main.storyboard;
			sourceTree = "<group>";
		};
		8AB49E671E0A37AA00470B25 /* LaunchScreen.storyboard */ = {
			isa = PBXVariantGroup;
			children = (
				8AB49E681E0A37AA00470B25 /* Base */,
			);
			name = LaunchScreen.storyboard;
			sourceTree = "<group>";
		};
/* End PBXVariantGroup section */

/* Begin XCBuildConfiguration section */
		8AB49E811E0A37AB00470B25 /* Debug */ = {
			isa = XCBuildConfiguration;
			buildSettings = {
				ALWAYS_SEARCH_USER_PATHS = NO;
				CLANG_ANALYZER_NONNULL = YES;
				CLANG_CXX_LANGUAGE_STANDARD = "gnu++0x";
				CLANG_CXX_LIBRARY = "libc++";
				CLANG_ENABLE_MODULES = YES;
				CLANG_ENABLE_OBJC_ARC = YES;
				CLANG_WARN_BOOL_CONVERSION = YES;
				CLANG_WARN_CONSTANT_CONVERSION = YES;
				CLANG_WARN_DIRECT_OBJC_ISA_USAGE = YES_ERROR;
				CLANG_WARN_DOCUMENTATION_COMMENTS = YES;
				CLANG_WARN_EMPTY_BODY = YES;
				CLANG_WARN_ENUM_CONVERSION = YES;
				CLANG_WARN_INFINITE_RECURSION = YES;
				CLANG_WARN_INT_CONVERSION = YES;
				CLANG_WARN_OBJC_ROOT_CLASS = YES_ERROR;
				CLANG_WARN_SUSPICIOUS_MOVE = YES;
				CLANG_WARN_UNREACHABLE_CODE = YES;
				CLANG_WARN__DUPLICATE_METHOD_MATCH = YES;
				"CODE_SIGN_IDENTITY[sdk=iphoneos*]" = "iPhone Developer";
				COPY_PHASE_STRIP = NO;
				DEBUG_INFORMATION_FORMAT = dwarf;
				ENABLE_STRICT_OBJC_MSGSEND = YES;
				ENABLE_TESTABILITY = YES;
				GCC_C_LANGUAGE_STANDARD = gnu99;
				GCC_DYNAMIC_NO_PIC = NO;
				GCC_NO_COMMON_BLOCKS = YES;
				GCC_OPTIMIZATION_LEVEL = 0;
				GCC_PREPROCESSOR_DEFINITIONS = (
					"DEBUG=1",
					"$(inherited)",
				);
				GCC_WARN_64_TO_32_BIT_CONVERSION = YES;
				GCC_WARN_ABOUT_RETURN_TYPE = YES_ERROR;
				GCC_WARN_UNDECLARED_SELECTOR = YES;
				GCC_WARN_UNINITIALIZED_AUTOS = YES_AGGRESSIVE;
				GCC_WARN_UNUSED_FUNCTION = YES;
				GCC_WARN_UNUSED_VARIABLE = YES;
				IPHONEOS_DEPLOYMENT_TARGET = 10.2;
				MTL_ENABLE_DEBUG_INFO = YES;
				ONLY_ACTIVE_ARCH = YES;
				SDKROOT = iphoneos;
				SWIFT_ACTIVE_COMPILATION_CONDITIONS = DEBUG;
				SWIFT_OPTIMIZATION_LEVEL = "-Onone";
				TARGETED_DEVICE_FAMILY = "1,2";
			};
			name = Debug;
		};
		8AB49E821E0A37AB00470B25 /* Release */ = {
			isa = XCBuildConfiguration;
			buildSettings = {
				ALWAYS_SEARCH_USER_PATHS = NO;
				CLANG_ANALYZER_NONNULL = YES;
				CLANG_CXX_LANGUAGE_STANDARD = "gnu++0x";
				CLANG_CXX_LIBRARY = "libc++";
				CLANG_ENABLE_MODULES = YES;
				CLANG_ENABLE_OBJC_ARC = YES;
				CLANG_WARN_BOOL_CONVERSION = YES;
				CLANG_WARN_CONSTANT_CONVERSION = YES;
				CLANG_WARN_DIRECT_OBJC_ISA_USAGE = YES_ERROR;
				CLANG_WARN_DOCUMENTATION_COMMENTS = YES;
				CLANG_WARN_EMPTY_BODY = YES;
				CLANG_WARN_ENUM_CONVERSION = YES;
				CLANG_WARN_INFINITE_RECURSION = YES;
				CLANG_WARN_INT_CONVERSION = YES;
				CLANG_WARN_OBJC_ROOT_CLASS = YES_ERROR;
				CLANG_WARN_SUSPICIOUS_MOVE = YES;
				CLANG_WARN_UNREACHABLE_CODE = YES;
				CLANG_WARN__DUPLICATE_METHOD_MATCH = YES;
				"CODE_SIGN_IDENTITY[sdk=iphoneos*]" = "iPhone Developer";
				COPY_PHASE_STRIP = NO;
				DEBUG_INFORMATION_FORMAT = "dwarf-with-dsym";
				ENABLE_NS_ASSERTIONS = NO;
				ENABLE_STRICT_OBJC_MSGSEND = YES;
				GCC_C_LANGUAGE_STANDARD = gnu99;
				GCC_NO_COMMON_BLOCKS = YES;
				GCC_WARN_64_TO_32_BIT_CONVERSION = YES;
				GCC_WARN_ABOUT_RETURN_TYPE = YES_ERROR;
				GCC_WARN_UNDECLARED_SELECTOR = YES;
				GCC_WARN_UNINITIALIZED_AUTOS = YES_AGGRESSIVE;
				GCC_WARN_UNUSED_FUNCTION = YES;
				GCC_WARN_UNUSED_VARIABLE = YES;
				IPHONEOS_DEPLOYMENT_TARGET = 10.2;
				MTL_ENABLE_DEBUG_INFO = NO;
				SDKROOT = iphoneos;
				SWIFT_OPTIMIZATION_LEVEL = "-Owholemodule";
				TARGETED_DEVICE_FAMILY = "1,2";
				VALIDATE_PRODUCT = YES;
			};
			name = Release;
		};
		8AB49E841E0A37AB00470B25 /* Debug */ = {
			isa = XCBuildConfiguration;
			buildSettings = {
				ASSETCATALOG_COMPILER_APPICON_NAME = AppIcon;
				DEVELOPMENT_TEAM = N8JBYBWDT9;
				INFOPLIST_FILE = KNN/Info.plist;
				LD_RUNPATH_SEARCH_PATHS = "$(inherited) @executable_path/Frameworks";
				PRODUCT_BUNDLE_IDENTIFIER = GAMEPiD.KNN;
				PRODUCT_NAME = "$(TARGET_NAME)";
				SWIFT_VERSION = 3.0;
			};
			name = Debug;
		};
		8AB49E851E0A37AB00470B25 /* Release */ = {
			isa = XCBuildConfiguration;
			buildSettings = {
				ASSETCATALOG_COMPILER_APPICON_NAME = AppIcon;
				DEVELOPMENT_TEAM = N8JBYBWDT9;
				INFOPLIST_FILE = KNN/Info.plist;
				LD_RUNPATH_SEARCH_PATHS = "$(inherited) @executable_path/Frameworks";
				PRODUCT_BUNDLE_IDENTIFIER = GAMEPiD.KNN;
				PRODUCT_NAME = "$(TARGET_NAME)";
				SWIFT_VERSION = 3.0;
			};
			name = Release;
		};
		8AB49E871E0A37AB00470B25 /* Debug */ = {
			isa = XCBuildConfiguration;
			buildSettings = {
				ALWAYS_EMBED_SWIFT_STANDARD_LIBRARIES = YES;
				BUNDLE_LOADER = "$(TEST_HOST)";
				DEVELOPMENT_TEAM = N8JBYBWDT9;
				INFOPLIST_FILE = KNNTests/Info.plist;
				LD_RUNPATH_SEARCH_PATHS = "$(inherited) @executable_path/Frameworks @loader_path/Frameworks";
				PRODUCT_BUNDLE_IDENTIFIER = GAMEPiD.KNNTests;
				PRODUCT_NAME = "$(TARGET_NAME)";
				SWIFT_VERSION = 3.0;
				TEST_HOST = "$(BUILT_PRODUCTS_DIR)/KNN.app/KNN";
			};
			name = Debug;
		};
		8AB49E881E0A37AB00470B25 /* Release */ = {
			isa = XCBuildConfiguration;
			buildSettings = {
				ALWAYS_EMBED_SWIFT_STANDARD_LIBRARIES = YES;
				BUNDLE_LOADER = "$(TEST_HOST)";
				DEVELOPMENT_TEAM = N8JBYBWDT9;
				INFOPLIST_FILE = KNNTests/Info.plist;
				LD_RUNPATH_SEARCH_PATHS = "$(inherited) @executable_path/Frameworks @loader_path/Frameworks";
				PRODUCT_BUNDLE_IDENTIFIER = GAMEPiD.KNNTests;
				PRODUCT_NAME = "$(TARGET_NAME)";
				SWIFT_VERSION = 3.0;
				TEST_HOST = "$(BUILT_PRODUCTS_DIR)/KNN.app/KNN";
			};
			name = Release;
		};
		8AB49E8A1E0A37AB00470B25 /* Debug */ = {
			isa = XCBuildConfiguration;
			buildSettings = {
				ALWAYS_EMBED_SWIFT_STANDARD_LIBRARIES = YES;
				DEVELOPMENT_TEAM = N8JBYBWDT9;
				INFOPLIST_FILE = KNNUITests/Info.plist;
				LD_RUNPATH_SEARCH_PATHS = "$(inherited) @executable_path/Frameworks @loader_path/Frameworks";
				PRODUCT_BUNDLE_IDENTIFIER = GAMEPiD.KNNUITests;
				PRODUCT_NAME = "$(TARGET_NAME)";
				SWIFT_VERSION = 3.0;
				TEST_TARGET_NAME = KNN;
			};
			name = Debug;
		};
		8AB49E8B1E0A37AB00470B25 /* Release */ = {
			isa = XCBuildConfiguration;
			buildSettings = {
				ALWAYS_EMBED_SWIFT_STANDARD_LIBRARIES = YES;
				DEVELOPMENT_TEAM = N8JBYBWDT9;
				INFOPLIST_FILE = KNNUITests/Info.plist;
				LD_RUNPATH_SEARCH_PATHS = "$(inherited) @executable_path/Frameworks @loader_path/Frameworks";
				PRODUCT_BUNDLE_IDENTIFIER = GAMEPiD.KNNUITests;
				PRODUCT_NAME = "$(TARGET_NAME)";
				SWIFT_VERSION = 3.0;
				TEST_TARGET_NAME = KNN;
			};
			name = Release;
		};
/* End XCBuildConfiguration section */

/* Begin XCConfigurationList section */
		8AB49E561E0A37AA00470B25 /* Build configuration list for PBXProject "KNN" */ = {
			isa = XCConfigurationList;
			buildConfigurations = (
				8AB49E811E0A37AB00470B25 /* Debug */,
				8AB49E821E0A37AB00470B25 /* Release */,
			);
			defaultConfigurationIsVisible = 0;
			defaultConfigurationName = Release;
		};
		8AB49E831E0A37AB00470B25 /* Build configuration list for PBXNativeTarget "KNN" */ = {
			isa = XCConfigurationList;
			buildConfigurations = (
				8AB49E841E0A37AB00470B25 /* Debug */,
				8AB49E851E0A37AB00470B25 /* Release */,
			);
			defaultConfigurationIsVisible = 0;
		};
		8AB49E861E0A37AB00470B25 /* Build configuration list for PBXNativeTarget "KNNTests" */ = {
			isa = XCConfigurationList;
			buildConfigurations = (
				8AB49E871E0A37AB00470B25 /* Debug */,
				8AB49E881E0A37AB00470B25 /* Release */,
			);
			defaultConfigurationIsVisible = 0;
		};
		8AB49E891E0A37AB00470B25 /* Build configuration list for PBXNativeTarget "KNNUITests" */ = {
			isa = XCConfigurationList;
			buildConfigurations = (
				8AB49E8A1E0A37AB00470B25 /* Debug */,
				8AB49E8B1E0A37AB00470B25 /* Release */,
			);
			defaultConfigurationIsVisible = 0;
		};
/* End XCConfigurationList section */
	};
	rootObject = 8AB49E531E0A37AA00470B25 /* Project object */;
}
